
Microsoft Visual Studio Solution File, Format Version 12.00
# Visual Studio 14
VisualStudioVersion = 14.0.25420.1
MinimumVisualStudioVersion = 10.0.40219.1
Project("{FAE04EC0-301F-11D3-BF4B-00C04F79EFBC}") = "SmallRoadWeb", "SmallRoadWeb\SmallRoadWeb.csproj", "{05F5E146-A354-4A8F-9051-984DF0569BBA}"
EndProject
Project("{FAE04EC0-301F-11D3-BF4B-00C04F79EFBC}") = "SmallRoadWeb.Tests", "SmallRoadWeb.Tests\SmallRoadWeb.Tests.csproj", "{DD249031-8BDD-4899-BC96-6AABB1DAD7A9}"
EndProject
Global
	GlobalSection(SolutionConfigurationPlatforms) = preSolution
		Debug|Any CPU = Debug|Any CPU
		Release|Any CPU = Release|Any CPU
	EndGlobalSection
	GlobalSection(ProjectConfigurationPlatforms) = postSolution
		{05F5E146-A354-4A8F-9051-984DF0569BBA}.Debug|Any CPU.ActiveCfg = Debug|Any CPU
		{05F5E146-A354-4A8F-9051-984DF0569BBA}.Debug|Any CPU.Build.0 = Debug|Any CPU
		{05F5E146-A354-4A8F-9051-984DF0569BBA}.Release|Any CPU.ActiveCfg = Release|Any CPU
		{05F5E146-A354-4A8F-9051-984DF0569BBA}.Release|Any CPU.Build.0 = Release|Any CPU
		{DD249031-8BDD-4899-BC96-6AABB1DAD7A9}.Debug|Any CPU.ActiveCfg = Debug|Any CPU
		{DD249031-8BDD-4899-BC96-6AABB1DAD7A9}.Debug|Any CPU.Build.0 = Debug|Any CPU
		{DD249031-8BDD-4899-BC96-6AABB1DAD7A9}.Release|Any CPU.ActiveCfg = Release|Any CPU
		{DD249031-8BDD-4899-BC96-6AABB1DAD7A9}.Release|Any CPU.Build.0 = Release|Any CPU
	EndGlobalSection
	GlobalSection(SolutionProperties) = preSolution
		HideSolutionNode = FALSE
	EndGlobalSection
EndGlobal
